// !$*UTF8*$!
{
	archiveVersion = 1;
	classes = {
	};
	objectVersion = 46;
	objects = {

/* Begin PBXBuildFile section */
		6FB21491A1CC1EB11FB1EB12 /* Pods_Channels.framework in Frameworks */ = {isa = PBXBuildFile; fileRef = 92467170BD021AB5E61E40B4 /* Pods_Channels.framework */; };
		A8E9C81D1EC9D10D00DDA197 /* Main.storyboard in Resources */ = {isa = PBXBuildFile; fileRef = A8E9C81B1EC9D10D00DDA197 /* Main.storyboard */; };
		A8E9C81F1EC9D10D00DDA197 /* Assets.xcassets in Resources */ = {isa = PBXBuildFile; fileRef = A8E9C81E1EC9D10D00DDA197 /* Assets.xcassets */; };
		A8E9C8221EC9D10D00DDA197 /* LaunchScreen.storyboard in Resources */ = {isa = PBXBuildFile; fileRef = A8E9C8201EC9D10D00DDA197 /* LaunchScreen.storyboard */; };
		A8E9C82D1EC9D10D00DDA197 /* ChannelsTests.swift in Sources */ = {isa = PBXBuildFile; fileRef = A8E9C82C1EC9D10D00DDA197 /* ChannelsTests.swift */; };
		A8E9C8381EC9D10D00DDA197 /* ChannelsUITests.swift in Sources */ = {isa = PBXBuildFile; fileRef = A8E9C8371EC9D10D00DDA197 /* ChannelsUITests.swift */; };
		A8E9C8471EC9D28300DDA197 /* APIManager.swift in Sources */ = {isa = PBXBuildFile; fileRef = A8E9C8461EC9D28300DDA197 /* APIManager.swift */; };
		A8E9C8491EC9D2B600DDA197 /* Context.swift in Sources */ = {isa = PBXBuildFile; fileRef = A8E9C8481EC9D2B600DDA197 /* Context.swift */; };
		A8E9C84B1EC9D2E700DDA197 /* AppConf.swift in Sources */ = {isa = PBXBuildFile; fileRef = A8E9C84A1EC9D2E700DDA197 /* AppConf.swift */; };
		A8E9C8501EC9D37B00DDA197 /* BaseViewController.swift in Sources */ = {isa = PBXBuildFile; fileRef = A8E9C84F1EC9D37B00DDA197 /* BaseViewController.swift */; };
		A8E9C8521EC9D39800DDA197 /* ViewController.swift in Sources */ = {isa = PBXBuildFile; fileRef = A8E9C8511EC9D39800DDA197 /* ViewController.swift */; };
		A8E9C8541EC9D69600DDA197 /* AppDelegate.swift in Sources */ = {isa = PBXBuildFile; fileRef = A8E9C8531EC9D69600DDA197 /* AppDelegate.swift */; };
		A8E9C8571EC9D7CB00DDA197 /* Channel.swift in Sources */ = {isa = PBXBuildFile; fileRef = A8E9C8561EC9D7CB00DDA197 /* Channel.swift */; };
		A8E9C8591EC9D82400DDA197 /* Spot.swift in Sources */ = {isa = PBXBuildFile; fileRef = A8E9C8581EC9D82400DDA197 /* Spot.swift */; };
		A8E9C85B1EC9D8A300DDA197 /* Subtitle.swift in Sources */ = {isa = PBXBuildFile; fileRef = A8E9C85A1EC9D8A300DDA197 /* Subtitle.swift */; };
		A8E9C85D1EC9E2F600DDA197 /* ChannelTableViewCell.swift in Sources */ = {isa = PBXBuildFile; fileRef = A8E9C85C1EC9E2F600DDA197 /* ChannelTableViewCell.swift */; };
		A8E9C8601EC9F20300DDA197 /* PinAnnotation.swift in Sources */ = {isa = PBXBuildFile; fileRef = A8E9C85F1EC9F20300DDA197 /* PinAnnotation.swift */; };
/* End PBXBuildFile section */

/* Begin PBXContainerItemProxy section */
		A8E9C8291EC9D10D00DDA197 /* PBXContainerItemProxy */ = {
			isa = PBXContainerItemProxy;
			containerPortal = A8E9C80C1EC9D10D00DDA197 /* Project object */;
			proxyType = 1;
			remoteGlobalIDString = A8E9C8131EC9D10D00DDA197;
			remoteInfo = Channels;
		};
		A8E9C8341EC9D10D00DDA197 /* PBXContainerItemProxy */ = {
			isa = PBXContainerItemProxy;
			containerPortal = A8E9C80C1EC9D10D00DDA197 /* Project object */;
			proxyType = 1;
			remoteGlobalIDString = A8E9C8131EC9D10D00DDA197;
			remoteInfo = Channels;
		};
/* End PBXContainerItemProxy section */

/* Begin PBXFileReference section */
		53D36B3896F06318FA473CD0 /* Pods-Channels.release.xcconfig */ = {isa = PBXFileReference; includeInIndex = 1; lastKnownFileType = text.xcconfig; name = "Pods-Channels.release.xcconfig"; path = "Pods/Target Support Files/Pods-Channels/Pods-Channels.release.xcconfig"; sourceTree = "<group>"; };
		5C73856633E94BC60400DF1F /* Pods-Channels.debug.xcconfig */ = {isa = PBXFileReference; includeInIndex = 1; lastKnownFileType = text.xcconfig; name = "Pods-Channels.debug.xcconfig"; path = "Pods/Target Support Files/Pods-Channels/Pods-Channels.debug.xcconfig"; sourceTree = "<group>"; };
		92467170BD021AB5E61E40B4 /* Pods_Channels.framework */ = {isa = PBXFileReference; explicitFileType = wrapper.framework; includeInIndex = 0; path = Pods_Channels.framework; sourceTree = BUILT_PRODUCTS_DIR; };
		A8E9C8141EC9D10D00DDA197 /* Channels.app */ = {isa = PBXFileReference; explicitFileType = wrapper.application; includeInIndex = 0; path = Channels.app; sourceTree = BUILT_PRODUCTS_DIR; };
		A8E9C81C1EC9D10D00DDA197 /* Base */ = {isa = PBXFileReference; lastKnownFileType = file.storyboard; name = Base; path = Base.lproj/Main.storyboard; sourceTree = "<group>"; };
		A8E9C81E1EC9D10D00DDA197 /* Assets.xcassets */ = {isa = PBXFileReference; lastKnownFileType = folder.assetcatalog; path = Assets.xcassets; sourceTree = "<group>"; };
		A8E9C8211EC9D10D00DDA197 /* Base */ = {isa = PBXFileReference; lastKnownFileType = file.storyboard; name = Base; path = Base.lproj/LaunchScreen.storyboard; sourceTree = "<group>"; };
		A8E9C8231EC9D10D00DDA197 /* Info.plist */ = {isa = PBXFileReference; lastKnownFileType = text.plist.xml; path = Info.plist; sourceTree = "<group>"; };
		A8E9C8281EC9D10D00DDA197 /* ChannelsTests.xctest */ = {isa = PBXFileReference; explicitFileType = wrapper.cfbundle; includeInIndex = 0; path = ChannelsTests.xctest; sourceTree = BUILT_PRODUCTS_DIR; };
		A8E9C82C1EC9D10D00DDA197 /* ChannelsTests.swift */ = {isa = PBXFileReference; lastKnownFileType = sourcecode.swift; path = ChannelsTests.swift; sourceTree = "<group>"; };
		A8E9C82E1EC9D10D00DDA197 /* Info.plist */ = {isa = PBXFileReference; lastKnownFileType = text.plist.xml; path = Info.plist; sourceTree = "<group>"; };
		A8E9C8331EC9D10D00DDA197 /* ChannelsUITests.xctest */ = {isa = PBXFileReference; explicitFileType = wrapper.cfbundle; includeInIndex = 0; path = ChannelsUITests.xctest; sourceTree = BUILT_PRODUCTS_DIR; };
		A8E9C8371EC9D10D00DDA197 /* ChannelsUITests.swift */ = {isa = PBXFileReference; lastKnownFileType = sourcecode.swift; path = ChannelsUITests.swift; sourceTree = "<group>"; };
		A8E9C8391EC9D10D00DDA197 /* Info.plist */ = {isa = PBXFileReference; lastKnownFileType = text.plist.xml; path = Info.plist; sourceTree = "<group>"; };
		A8E9C8461EC9D28300DDA197 /* APIManager.swift */ = {isa = PBXFileReference; fileEncoding = 4; lastKnownFileType = sourcecode.swift; name = APIManager.swift; path = app/APIManager.swift; sourceTree = "<group>"; };
		A8E9C8481EC9D2B600DDA197 /* Context.swift */ = {isa = PBXFileReference; fileEncoding = 4; lastKnownFileType = sourcecode.swift; name = Context.swift; path = app/Context.swift; sourceTree = "<group>"; };
		A8E9C84A1EC9D2E700DDA197 /* AppConf.swift */ = {isa = PBXFileReference; fileEncoding = 4; lastKnownFileType = sourcecode.swift; name = AppConf.swift; path = app/AppConf.swift; sourceTree = "<group>"; };
		A8E9C84F1EC9D37B00DDA197 /* BaseViewController.swift */ = {isa = PBXFileReference; fileEncoding = 4; lastKnownFileType = sourcecode.swift; name = BaseViewController.swift; path = ui/BaseViewController.swift; sourceTree = "<group>"; };
		A8E9C8511EC9D39800DDA197 /* ViewController.swift */ = {isa = PBXFileReference; fileEncoding = 4; lastKnownFileType = sourcecode.swift; name = ViewController.swift; path = ui/ViewController.swift; sourceTree = "<group>"; };
		A8E9C8531EC9D69600DDA197 /* AppDelegate.swift */ = {isa = PBXFileReference; fileEncoding = 4; lastKnownFileType = sourcecode.swift; name = AppDelegate.swift; path = app/AppDelegate.swift; sourceTree = "<group>"; };
		A8E9C8561EC9D7CB00DDA197 /* Channel.swift */ = {isa = PBXFileReference; fileEncoding = 4; lastKnownFileType = sourcecode.swift; name = Channel.swift; path = models/Channel.swift; sourceTree = "<group>"; };
		A8E9C8581EC9D82400DDA197 /* Spot.swift */ = {isa = PBXFileReference; fileEncoding = 4; lastKnownFileType = sourcecode.swift; name = Spot.swift; path = models/Spot.swift; sourceTree = "<group>"; };
		A8E9C85A1EC9D8A300DDA197 /* Subtitle.swift */ = {isa = PBXFileReference; fileEncoding = 4; lastKnownFileType = sourcecode.swift; name = Subtitle.swift; path = models/Subtitle.swift; sourceTree = "<group>"; };
		A8E9C85C1EC9E2F600DDA197 /* ChannelTableViewCell.swift */ = {isa = PBXFileReference; fileEncoding = 4; lastKnownFileType = sourcecode.swift; name = ChannelTableViewCell.swift; path = ui/ChannelTableViewCell.swift; sourceTree = "<group>"; };
		A8E9C85F1EC9F20300DDA197 /* PinAnnotation.swift */ = {isa = PBXFileReference; fileEncoding = 4; lastKnownFileType = sourcecode.swift; name = PinAnnotation.swift; path = common/PinAnnotation.swift; sourceTree = "<group>"; };
/* End PBXFileReference section */

/* Begin PBXFrameworksBuildPhase section */
		A8E9C8111EC9D10D00DDA197 /* Frameworks */ = {
			isa = PBXFrameworksBuildPhase;
			buildActionMask = 2147483647;
			files = (
				6FB21491A1CC1EB11FB1EB12 /* Pods_Channels.framework in Frameworks */,
			);
			runOnlyForDeploymentPostprocessing = 0;
		};
		A8E9C8251EC9D10D00DDA197 /* Frameworks */ = {
			isa = PBXFrameworksBuildPhase;
			buildActionMask = 2147483647;
			files = (
			);
			runOnlyForDeploymentPostprocessing = 0;
		};
		A8E9C8301EC9D10D00DDA197 /* Frameworks */ = {
			isa = PBXFrameworksBuildPhase;
			buildActionMask = 2147483647;
			files = (
			);
			runOnlyForDeploymentPostprocessing = 0;
		};
/* End PBXFrameworksBuildPhase section */

/* Begin PBXGroup section */
		89572189F6C15216750F3327 /* Pods */ = {
			isa = PBXGroup;
			children = (
				5C73856633E94BC60400DF1F /* Pods-Channels.debug.xcconfig */,
				53D36B3896F06318FA473CD0 /* Pods-Channels.release.xcconfig */,
			);
			name = Pods;
			sourceTree = "<group>";
		};
		A8E9C80B1EC9D10D00DDA197 = {
			isa = PBXGroup;
			children = (
				A8E9C8161EC9D10D00DDA197 /* Channels */,
				A8E9C82B1EC9D10D00DDA197 /* ChannelsTests */,
				A8E9C8361EC9D10D00DDA197 /* ChannelsUITests */,
				A8E9C8151EC9D10D00DDA197 /* Products */,
				89572189F6C15216750F3327 /* Pods */,
				D78E5C763642366B1A6B65EF /* Frameworks */,
			);
			sourceTree = "<group>";
		};
		A8E9C8151EC9D10D00DDA197 /* Products */ = {
			isa = PBXGroup;
			children = (
				A8E9C8141EC9D10D00DDA197 /* Channels.app */,
				A8E9C8281EC9D10D00DDA197 /* ChannelsTests.xctest */,
				A8E9C8331EC9D10D00DDA197 /* ChannelsUITests.xctest */,
			);
			name = Products;
			sourceTree = "<group>";
		};
		A8E9C8161EC9D10D00DDA197 /* Channels */ = {
			isa = PBXGroup;
			children = (
				A8E9C85E1EC9F1D200DDA197 /* common */,
				A8E9C8551EC9D76800DDA197 /* models */,
				A8E9C84C1EC9D32900DDA197 /* ui */,
				A8E9C8451EC9D27700DDA197 /* app */,
				A8E9C81B1EC9D10D00DDA197 /* Main.storyboard */,
				A8E9C81E1EC9D10D00DDA197 /* Assets.xcassets */,
				A8E9C8201EC9D10D00DDA197 /* LaunchScreen.storyboard */,
				A8E9C8231EC9D10D00DDA197 /* Info.plist */,
			);
			path = Channels;
			sourceTree = "<group>";
		};
		A8E9C82B1EC9D10D00DDA197 /* ChannelsTests */ = {
			isa = PBXGroup;
			children = (
				A8E9C82C1EC9D10D00DDA197 /* ChannelsTests.swift */,
				A8E9C82E1EC9D10D00DDA197 /* Info.plist */,
			);
			path = ChannelsTests;
			sourceTree = "<group>";
		};
		A8E9C8361EC9D10D00DDA197 /* ChannelsUITests */ = {
			isa = PBXGroup;
			children = (
				A8E9C8371EC9D10D00DDA197 /* ChannelsUITests.swift */,
				A8E9C8391EC9D10D00DDA197 /* Info.plist */,
			);
			path = ChannelsUITests;
			sourceTree = "<group>";
		};
		A8E9C8451EC9D27700DDA197 /* app */ = {
			isa = PBXGroup;
			children = (
				A8E9C8531EC9D69600DDA197 /* AppDelegate.swift */,
				A8E9C8461EC9D28300DDA197 /* APIManager.swift */,
				A8E9C8481EC9D2B600DDA197 /* Context.swift */,
				A8E9C84A1EC9D2E700DDA197 /* AppConf.swift */,
			);
			name = app;
			sourceTree = "<group>";
		};
		A8E9C84C1EC9D32900DDA197 /* ui */ = {
			isa = PBXGroup;
			children = (
				A8E9C8511EC9D39800DDA197 /* ViewController.swift */,
				A8E9C84F1EC9D37B00DDA197 /* BaseViewController.swift */,
				A8E9C85C1EC9E2F600DDA197 /* ChannelTableViewCell.swift */,
			);
			name = ui;
			sourceTree = "<group>";
		};
		A8E9C8551EC9D76800DDA197 /* models */ = {
			isa = PBXGroup;
			children = (
				A8E9C8561EC9D7CB00DDA197 /* Channel.swift */,
				A8E9C8581EC9D82400DDA197 /* Spot.swift */,
				A8E9C85A1EC9D8A300DDA197 /* Subtitle.swift */,
			);
			name = models;
			sourceTree = "<group>";
		};
		A8E9C85E1EC9F1D200DDA197 /* common */ = {
			isa = PBXGroup;
			children = (
				A8E9C85F1EC9F20300DDA197 /* PinAnnotation.swift */,
			);
			name = common;
			sourceTree = "<group>";
		};
		D78E5C763642366B1A6B65EF /* Frameworks */ = {
			isa = PBXGroup;
			children = (
				92467170BD021AB5E61E40B4 /* Pods_Channels.framework */,
			);
			name = Frameworks;
			sourceTree = "<group>";
		};
/* End PBXGroup section */

/* Begin PBXNativeTarget section */
		A8E9C8131EC9D10D00DDA197 /* Channels */ = {
			isa = PBXNativeTarget;
			buildConfigurationList = A8E9C83C1EC9D10D00DDA197 /* Build configuration list for PBXNativeTarget "Channels" */;
			buildPhases = (
				CFE6A9129E573E38EA62FCDF /* [CP] Check Pods Manifest.lock */,
				A8E9C8101EC9D10D00DDA197 /* Sources */,
				A8E9C8111EC9D10D00DDA197 /* Frameworks */,
				A8E9C8121EC9D10D00DDA197 /* Resources */,
				414CC4840789CCE6FD0840C1 /* [CP] Embed Pods Frameworks */,
				A4515B9A17EFE09A6B6404C4 /* [CP] Copy Pods Resources */,
			);
			buildRules = (
			);
			dependencies = (
			);
			name = Channels;
			productName = Channels;
			productReference = A8E9C8141EC9D10D00DDA197 /* Channels.app */;
			productType = "com.apple.product-type.application";
		};
		A8E9C8271EC9D10D00DDA197 /* ChannelsTests */ = {
			isa = PBXNativeTarget;
			buildConfigurationList = A8E9C83F1EC9D10D00DDA197 /* Build configuration list for PBXNativeTarget "ChannelsTests" */;
			buildPhases = (
				A8E9C8241EC9D10D00DDA197 /* Sources */,
				A8E9C8251EC9D10D00DDA197 /* Frameworks */,
				A8E9C8261EC9D10D00DDA197 /* Resources */,
			);
			buildRules = (
			);
			dependencies = (
				A8E9C82A1EC9D10D00DDA197 /* PBXTargetDependency */,
			);
			name = ChannelsTests;
			productName = ChannelsTests;
			productReference = A8E9C8281EC9D10D00DDA197 /* ChannelsTests.xctest */;
			productType = "com.apple.product-type.bundle.unit-test";
		};
		A8E9C8321EC9D10D00DDA197 /* ChannelsUITests */ = {
			isa = PBXNativeTarget;
			buildConfigurationList = A8E9C8421EC9D10D00DDA197 /* Build configuration list for PBXNativeTarget "ChannelsUITests" */;
			buildPhases = (
				A8E9C82F1EC9D10D00DDA197 /* Sources */,
				A8E9C8301EC9D10D00DDA197 /* Frameworks */,
				A8E9C8311EC9D10D00DDA197 /* Resources */,
			);
			buildRules = (
			);
			dependencies = (
				A8E9C8351EC9D10D00DDA197 /* PBXTargetDependency */,
			);
			name = ChannelsUITests;
			productName = ChannelsUITests;
			productReference = A8E9C8331EC9D10D00DDA197 /* ChannelsUITests.xctest */;
			productType = "com.apple.product-type.bundle.ui-testing";
		};
/* End PBXNativeTarget section */

/* Begin PBXProject section */
		A8E9C80C1EC9D10D00DDA197 /* Project object */ = {
			isa = PBXProject;
			attributes = {
				LastSwiftUpdateCheck = 0820;
				LastUpgradeCheck = 0820;
				ORGANIZATIONNAME = rmo;
				TargetAttributes = {
					A8E9C8131EC9D10D00DDA197 = {
						CreatedOnToolsVersion = 8.2.1;
						ProvisioningStyle = Automatic;
					};
					A8E9C8271EC9D10D00DDA197 = {
						CreatedOnToolsVersion = 8.2.1;
						ProvisioningStyle = Automatic;
						TestTargetID = A8E9C8131EC9D10D00DDA197;
					};
					A8E9C8321EC9D10D00DDA197 = {
						CreatedOnToolsVersion = 8.2.1;
						ProvisioningStyle = Automatic;
						TestTargetID = A8E9C8131EC9D10D00DDA197;
					};
				};
			};
			buildConfigurationList = A8E9C80F1EC9D10D00DDA197 /* Build configuration list for PBXProject "Channels" */;
			compatibilityVersion = "Xcode 3.2";
			developmentRegion = English;
			hasScannedForEncodings = 0;
			knownRegions = (
				en,
				Base,
			);
			mainGroup = A8E9C80B1EC9D10D00DDA197;
			productRefGroup = A8E9C8151EC9D10D00DDA197 /* Products */;
			projectDirPath = "";
			projectRoot = "";
			targets = (
				A8E9C8131EC9D10D00DDA197 /* Channels */,
				A8E9C8271EC9D10D00DDA197 /* ChannelsTests */,
				A8E9C8321EC9D10D00DDA197 /* ChannelsUITests */,
			);
		};
/* End PBXProject section */

/* Begin PBXResourcesBuildPhase section */
		A8E9C8121EC9D10D00DDA197 /* Resources */ = {
			isa = PBXResourcesBuildPhase;
			buildActionMask = 2147483647;
			files = (
				A8E9C8221EC9D10D00DDA197 /* LaunchScreen.storyboard in Resources */,
				A8E9C81F1EC9D10D00DDA197 /* Assets.xcassets in Resources */,
				A8E9C81D1EC9D10D00DDA197 /* Main.storyboard in Resources */,
			);
			runOnlyForDeploymentPostprocessing = 0;
		};
		A8E9C8261EC9D10D00DDA197 /* Resources */ = {
			isa = PBXResourcesBuildPhase;
			buildActionMask = 2147483647;
			files = (
			);
			runOnlyForDeploymentPostprocessing = 0;
		};
		A8E9C8311EC9D10D00DDA197 /* Resources */ = {
			isa = PBXResourcesBuildPhase;
			buildActionMask = 2147483647;
			files = (
			);
			runOnlyForDeploymentPostprocessing = 0;
		};
/* End PBXResourcesBuildPhase section */

/* Begin PBXShellScriptBuildPhase section */
		414CC4840789CCE6FD0840C1 /* [CP] Embed Pods Frameworks */ = {
			isa = PBXShellScriptBuildPhase;
			buildActionMask = 2147483647;
			files = (
			);
			inputPaths = (
			);
			name = "[CP] Embed Pods Frameworks";
			outputPaths = (
			);
			runOnlyForDeploymentPostprocessing = 0;
			shellPath = /bin/sh;
			shellScript = "\"${SRCROOT}/Pods/Target Support Files/Pods-Channels/Pods-Channels-frameworks.sh\"\n";
			showEnvVarsInLog = 0;
		};
		A4515B9A17EFE09A6B6404C4 /* [CP] Copy Pods Resources */ = {
			isa = PBXShellScriptBuildPhase;
			buildActionMask = 2147483647;
			files = (
			);
			inputPaths = (
			);
			name = "[CP] Copy Pods Resources";
			outputPaths = (
			);
			runOnlyForDeploymentPostprocessing = 0;
			shellPath = /bin/sh;
			shellScript = "\"${SRCROOT}/Pods/Target Support Files/Pods-Channels/Pods-Channels-resources.sh\"\n";
			showEnvVarsInLog = 0;
		};
		CFE6A9129E573E38EA62FCDF /* [CP] Check Pods Manifest.lock */ = {
			isa = PBXShellScriptBuildPhase;
			buildActionMask = 2147483647;
			files = (
			);
			inputPaths = (
			);
			name = "[CP] Check Pods Manifest.lock";
			outputPaths = (
			);
			runOnlyForDeploymentPostprocessing = 0;
			shellPath = /bin/sh;
			shellScript = "diff \"${PODS_ROOT}/../Podfile.lock\" \"${PODS_ROOT}/Manifest.lock\" > /dev/null\nif [ $? != 0 ] ; then\n    # print error to STDERR\n    echo \"error: The sandbox is not in sync with the Podfile.lock. Run 'pod install' or update your CocoaPods installation.\" >&2\n    exit 1\nfi\n";
			showEnvVarsInLog = 0;
		};
/* End PBXShellScriptBuildPhase section */

/* Begin PBXSourcesBuildPhase section */
		A8E9C8101EC9D10D00DDA197 /* Sources */ = {
			isa = PBXSourcesBuildPhase;
			buildActionMask = 2147483647;
			files = (
				A8E9C8601EC9F20300DDA197 /* PinAnnotation.swift in Sources */,
				A8E9C8571EC9D7CB00DDA197 /* Channel.swift in Sources */,
				A8E9C8541EC9D69600DDA197 /* AppDelegate.swift in Sources */,
				A8E9C8521EC9D39800DDA197 /* ViewController.swift in Sources */,
				A8E9C8591EC9D82400DDA197 /* Spot.swift in Sources */,
				A8E9C8471EC9D28300DDA197 /* APIManager.swift in Sources */,
				A8E9C84B1EC9D2E700DDA197 /* AppConf.swift in Sources */,
				A8E9C85B1EC9D8A300DDA197 /* Subtitle.swift in Sources */,
				A8E9C8491EC9D2B600DDA197 /* Context.swift in Sources */,
				A8E9C8501EC9D37B00DDA197 /* BaseViewController.swift in Sources */,
				A8E9C85D1EC9E2F600DDA197 /* ChannelTableViewCell.swift in Sources */,
			);
			runOnlyForDeploymentPostprocessing = 0;
		};
		A8E9C8241EC9D10D00DDA197 /* Sources */ = {
			isa = PBXSourcesBuildPhase;
			buildActionMask = 2147483647;
			files = (
				A8E9C82D1EC9D10D00DDA197 /* ChannelsTests.swift in Sources */,
			);
			runOnlyForDeploymentPostprocessing = 0;
		};
		A8E9C82F1EC9D10D00DDA197 /* Sources */ = {
			isa = PBXSourcesBuildPhase;
			buildActionMask = 2147483647;
			files = (
				A8E9C8381EC9D10D00DDA197 /* ChannelsUITests.swift in Sources */,
			);
			runOnlyForDeploymentPostprocessing = 0;
		};
/* End PBXSourcesBuildPhase section */

/* Begin PBXTargetDependency section */
		A8E9C82A1EC9D10D00DDA197 /* PBXTargetDependency */ = {
			isa = PBXTargetDependency;
			target = A8E9C8131EC9D10D00DDA197 /* Channels */;
			targetProxy = A8E9C8291EC9D10D00DDA197 /* PBXContainerItemProxy */;
		};
		A8E9C8351EC9D10D00DDA197 /* PBXTargetDependency */ = {
			isa = PBXTargetDependency;
			target = A8E9C8131EC9D10D00DDA197 /* Channels */;
			targetProxy = A8E9C8341EC9D10D00DDA197 /* PBXContainerItemProxy */;
		};
/* End PBXTargetDependency section */

/* Begin PBXVariantGroup section */
		A8E9C81B1EC9D10D00DDA197 /* Main.storyboard */ = {
			isa = PBXVariantGroup;
			children = (
				A8E9C81C1EC9D10D00DDA197 /* Base */,
			);
			name = Main.storyboard;
			sourceTree = "<group>";
		};
		A8E9C8201EC9D10D00DDA197 /* LaunchScreen.storyboard */ = {
			isa = PBXVariantGroup;
			children = (
				A8E9C8211EC9D10D00DDA197 /* Base */,
			);
			name = LaunchScreen.storyboard;
			sourceTree = "<group>";
		};
/* End PBXVariantGroup section */

/* Begin XCBuildConfiguration section */
		A8E9C83A1EC9D10D00DDA197 /* Debug */ = {
			isa = XCBuildConfiguration;
			buildSettings = {
				ALWAYS_SEARCH_USER_PATHS = NO;
				CLANG_ANALYZER_NONNULL = YES;
				CLANG_CXX_LANGUAGE_STANDARD = "gnu++0x";
				CLANG_CXX_LIBRARY = "libc++";
				CLANG_ENABLE_MODULES = YES;
				CLANG_ENABLE_OBJC_ARC = YES;
				CLANG_WARN_BOOL_CONVERSION = YES;
				CLANG_WARN_CONSTANT_CONVERSION = YES;
				CLANG_WARN_DIRECT_OBJC_ISA_USAGE = YES_ERROR;
				CLANG_WARN_DOCUMENTATION_COMMENTS = YES;
				CLANG_WARN_EMPTY_BODY = YES;
				CLANG_WARN_ENUM_CONVERSION = YES;
				CLANG_WARN_INFINITE_RECURSION = YES;
				CLANG_WARN_INT_CONVERSION = YES;
				CLANG_WARN_OBJC_ROOT_CLASS = YES_ERROR;
				CLANG_WARN_SUSPICIOUS_MOVE = YES;
				CLANG_WARN_UNREACHABLE_CODE = YES;
				CLANG_WARN__DUPLICATE_METHOD_MATCH = YES;
				"CODE_SIGN_IDENTITY[sdk=iphoneos*]" = "iPhone Developer";
				COPY_PHASE_STRIP = NO;
				DEBUG_INFORMATION_FORMAT = dwarf;
				ENABLE_STRICT_OBJC_MSGSEND = YES;
				ENABLE_TESTABILITY = YES;
				GCC_C_LANGUAGE_STANDARD = gnu99;
				GCC_DYNAMIC_NO_PIC = NO;
				GCC_NO_COMMON_BLOCKS = YES;
				GCC_OPTIMIZATION_LEVEL = 0;
				GCC_PREPROCESSOR_DEFINITIONS = (
					"DEBUG=1",
					"$(inherited)",
				);
				GCC_WARN_64_TO_32_BIT_CONVERSION = YES;
				GCC_WARN_ABOUT_RETURN_TYPE = YES_ERROR;
				GCC_WARN_UNDECLARED_SELECTOR = YES;
				GCC_WARN_UNINITIALIZED_AUTOS = YES_AGGRESSIVE;
				GCC_WARN_UNUSED_FUNCTION = YES;
				GCC_WARN_UNUSED_VARIABLE = YES;
				IPHONEOS_DEPLOYMENT_TARGET = 10.2;
				MTL_ENABLE_DEBUG_INFO = YES;
				ONLY_ACTIVE_ARCH = YES;
				SDKROOT = iphoneos;
				SWIFT_ACTIVE_COMPILATION_CONDITIONS = DEBUG;
				SWIFT_OPTIMIZATION_LEVEL = "-Onone";
				TARGETED_DEVICE_FAMILY = "1,2";
			};
			name = Debug;
		};
		A8E9C83B1EC9D10D00DDA197 /* Release */ = {
			isa = XCBuildConfiguration;
			buildSettings = {
				ALWAYS_SEARCH_USER_PATHS = NO;
				CLANG_ANALYZER_NONNULL = YES;
				CLANG_CXX_LANGUAGE_STANDARD = "gnu++0x";
				CLANG_CXX_LIBRARY = "libc++";
				CLANG_ENABLE_MODULES = YES;
				CLANG_ENABLE_OBJC_ARC = YES;
				CLANG_WARN_BOOL_CONVERSION = YES;
				CLANG_WARN_CONSTANT_CONVERSION = YES;
				CLANG_WARN_DIRECT_OBJC_ISA_USAGE = YES_ERROR;
				CLANG_WARN_DOCUMENTATION_COMMENTS = YES;
				CLANG_WARN_EMPTY_BODY = YES;
				CLANG_WARN_ENUM_CONVERSION = YES;
				CLANG_WARN_INFINITE_RECURSION = YES;
				CLANG_WARN_INT_CONVERSION = YES;
				CLANG_WARN_OBJC_ROOT_CLASS = YES_ERROR;
				CLANG_WARN_SUSPICIOUS_MOVE = YES;
				CLANG_WARN_UNREACHABLE_CODE = YES;
				CLANG_WARN__DUPLICATE_METHOD_MATCH = YES;
				"CODE_SIGN_IDENTITY[sdk=iphoneos*]" = "iPhone Developer";
				COPY_PHASE_STRIP = NO;
				DEBUG_INFORMATION_FORMAT = "dwarf-with-dsym";
				ENABLE_NS_ASSERTIONS = NO;
				ENABLE_STRICT_OBJC_MSGSEND = YES;
				GCC_C_LANGUAGE_STANDARD = gnu99;
				GCC_NO_COMMON_BLOCKS = YES;
				GCC_WARN_64_TO_32_BIT_CONVERSION = YES;
				GCC_WARN_ABOUT_RETURN_TYPE = YES_ERROR;
				GCC_WARN_UNDECLARED_SELECTOR = YES;
				GCC_WARN_UNINITIALIZED_AUTOS = YES_AGGRESSIVE;
				GCC_WARN_UNUSED_FUNCTION = YES;
				GCC_WARN_UNUSED_VARIABLE = YES;
				IPHONEOS_DEPLOYMENT_TARGET = 10.2;
				MTL_ENABLE_DEBUG_INFO = NO;
				SDKROOT = iphoneos;
				SWIFT_OPTIMIZATION_LEVEL = "-Owholemodule";
				TARGETED_DEVICE_FAMILY = "1,2";
				VALIDATE_PRODUCT = YES;
			};
			name = Release;
		};
		A8E9C83D1EC9D10D00DDA197 /* Debug */ = {
			isa = XCBuildConfiguration;
			baseConfigurationReference = 5C73856633E94BC60400DF1F /* Pods-Channels.debug.xcconfig */;
			buildSettings = {
				ASSETCATALOG_COMPILER_APPICON_NAME = AppIcon;
				DEVELOPMENT_TEAM = "";
				INFOPLIST_FILE = Channels/Info.plist;
				IPHONEOS_DEPLOYMENT_TARGET = 8.0;
				LD_RUNPATH_SEARCH_PATHS = "$(inherited) @executable_path/Frameworks";
				PRODUCT_BUNDLE_IDENTIFIER = com.rmo.Channels;
				PRODUCT_NAME = "$(TARGET_NAME)";
				SWIFT_VERSION = 3.0;
			};
			name = Debug;
		};
		A8E9C83E1EC9D10D00DDA197 /* Release */ = {
			isa = XCBuildConfiguration;
			baseConfigurationReference = 53D36B3896F06318FA473CD0 /* Pods-Channels.release.xcconfig */;
			buildSettings = {
				ASSETCATALOG_COMPILER_APPICON_NAME = AppIcon;
				DEVELOPMENT_TEAM = "";
				INFOPLIST_FILE = Channels/Info.plist;
				IPHONEOS_DEPLOYMENT_TARGET = 8.0;
				LD_RUNPATH_SEARCH_PATHS = "$(inherited) @executable_path/Frameworks";
				PRODUCT_BUNDLE_IDENTIFIER = com.rmo.Channels;
				PRODUCT_NAME = "$(TARGET_NAME)";
				SWIFT_VERSION = 3.0;
			};
			name = Release;
		};
		A8E9C8401EC9D10D00DDA197 /* Debug */ = {
			isa = XCBuildConfiguration;
			buildSettings = {
				ALWAYS_EMBED_SWIFT_STANDARD_LIBRARIES = YES;
				BUNDLE_LOADER = "$(TEST_HOST)";
				INFOPLIST_FILE = ChannelsTests/Info.plist;
				LD_RUNPATH_SEARCH_PATHS = "$(inherited) @executable_path/Frameworks @loader_path/Frameworks";
				PRODUCT_BUNDLE_IDENTIFIER = com.rmo.ChannelsTests;
				PRODUCT_NAME = "$(TARGET_NAME)";
				SWIFT_VERSION = 3.0;
				TEST_HOST = "$(BUILT_PRODUCTS_DIR)/Channels.app/Channels";
			};
			name = Debug;
		};
		A8E9C8411EC9D10D00DDA197 /* Release */ = {
			isa = XCBuildConfiguration;
			buildSettings = {
				ALWAYS_EMBED_SWIFT_STANDARD_LIBRARIES = YES;
				BUNDLE_LOADER = "$(TEST_HOST)";
				INFOPLIST_FILE = ChannelsTests/Info.plist;
				LD_RUNPATH_SEARCH_PATHS = "$(inherited) @executable_path/Frameworks @loader_path/Frameworks";
				PRODUCT_BUNDLE_IDENTIFIER = com.rmo.ChannelsTests;
				PRODUCT_NAME = "$(TARGET_NAME)";
				SWIFT_VERSION = 3.0;
				TEST_HOST = "$(BUILT_PRODUCTS_DIR)/Channels.app/Channels";
			};
			name = Release;
		};
		A8E9C8431EC9D10D00DDA197 /* Debug */ = {
			isa = XCBuildConfiguration;
			buildSettings = {
				ALWAYS_EMBED_SWIFT_STANDARD_LIBRARIES = YES;
				INFOPLIST_FILE = ChannelsUITests/Info.plist;
				LD_RUNPATH_SEARCH_PATHS = "$(inherited) @executable_path/Frameworks @loader_path/Frameworks";
				PRODUCT_BUNDLE_IDENTIFIER = com.rmo.ChannelsUITests;
				PRODUCT_NAME = "$(TARGET_NAME)";
				SWIFT_VERSION = 3.0;
				TEST_TARGET_NAME = Channels;
			};
			name = Debug;
		};
		A8E9C8441EC9D10D00DDA197 /* Release */ = {
			isa = XCBuildConfiguration;
			buildSettings = {
				ALWAYS_EMBED_SWIFT_STANDARD_LIBRARIES = YES;
				INFOPLIST_FILE = ChannelsUITests/Info.plist;
				LD_RUNPATH_SEARCH_PATHS = "$(inherited) @executable_path/Frameworks @loader_path/Frameworks";
				PRODUCT_BUNDLE_IDENTIFIER = com.rmo.ChannelsUITests;
				PRODUCT_NAME = "$(TARGET_NAME)";
				SWIFT_VERSION = 3.0;
				TEST_TARGET_NAME = Channels;
			};
			name = Release;
		};
/* End XCBuildConfiguration section */

/* Begin XCConfigurationList section */
		A8E9C80F1EC9D10D00DDA197 /* Build configuration list for PBXProject "Channels" */ = {
			isa = XCConfigurationList;
			buildConfigurations = (
				A8E9C83A1EC9D10D00DDA197 /* Debug */,
				A8E9C83B1EC9D10D00DDA197 /* Release */,
			);
			defaultConfigurationIsVisible = 0;
			defaultConfigurationName = Release;
		};
		A8E9C83C1EC9D10D00DDA197 /* Build configuration list for PBXNativeTarget "Channels" */ = {
			isa = XCConfigurationList;
			buildConfigurations = (
				A8E9C83D1EC9D10D00DDA197 /* Debug */,
				A8E9C83E1EC9D10D00DDA197 /* Release */,
			);
			defaultConfigurationIsVisible = 0;
			defaultConfigurationName = Release;
		};
		A8E9C83F1EC9D10D00DDA197 /* Build configuration list for PBXNativeTarget "ChannelsTests" */ = {
			isa = XCConfigurationList;
			buildConfigurations = (
				A8E9C8401EC9D10D00DDA197 /* Debug */,
				A8E9C8411EC9D10D00DDA197 /* Release */,
			);
			defaultConfigurationIsVisible = 0;
			defaultConfigurationName = Release;
		};
		A8E9C8421EC9D10D00DDA197 /* Build configuration list for PBXNativeTarget "ChannelsUITests" */ = {
			isa = XCConfigurationList;
			buildConfigurations = (
				A8E9C8431EC9D10D00DDA197 /* Debug */,
				A8E9C8441EC9D10D00DDA197 /* Release */,
			);
			defaultConfigurationIsVisible = 0;
			defaultConfigurationName = Release;
		};
/* End XCConfigurationList section */
	};
	rootObject = A8E9C80C1EC9D10D00DDA197 /* Project object */;
}
